// !$*UTF8*$!
{
	archiveVersion = 1;
	classes = {
	};
	objectVersion = 56;
	objects = {

/* Begin PBXBuildFile section */
		461D8D8F2BDD785D00EFA361 /* AppDelegate.swift in Sources */ = {isa = PBXBuildFile; fileRef = 461D8D8E2BDD785D00EFA361 /* AppDelegate.swift */; };
		461D8D912BDD785D00EFA361 /* SceneDelegate.swift in Sources */ = {isa = PBXBuildFile; fileRef = 461D8D902BDD785D00EFA361 /* SceneDelegate.swift */; };
		461D8D982BDD785E00EFA361 /* Assets.xcassets in Resources */ = {isa = PBXBuildFile; fileRef = 461D8D972BDD785E00EFA361 /* Assets.xcassets */; };
		461D8D9B2BDD785E00EFA361 /* Base in Resources */ = {isa = PBXBuildFile; fileRef = 461D8D9A2BDD785E00EFA361 /* Base */; };
		461D8DA52BDD799B00EFA361 /* AppDIContainer.swift in Sources */ = {isa = PBXBuildFile; fileRef = 461D8DA42BDD799B00EFA361 /* AppDIContainer.swift */; };
		461D8DA72BDD79D000EFA361 /* AppFlowCoordinator.swift in Sources */ = {isa = PBXBuildFile; fileRef = 461D8DA62BDD79D000EFA361 /* AppFlowCoordinator.swift */; };
		461D8DAA2BDD7B3700EFA361 /* ArticleSceneDIContainer.swift in Sources */ = {isa = PBXBuildFile; fileRef = 461D8DA92BDD7B3700EFA361 /* ArticleSceneDIContainer.swift */; };
		461D8DAF2BDD7C2E00EFA361 /* ArticleFlowCoordinator.swift in Sources */ = {isa = PBXBuildFile; fileRef = 461D8DAE2BDD7C2E00EFA361 /* ArticleFlowCoordinator.swift */; };
		461D8DB42BDD7D2100EFA361 /* ArticleListViewController.swift in Sources */ = {isa = PBXBuildFile; fileRef = 461D8DB32BDD7D2100EFA361 /* ArticleListViewController.swift */; };
		461D8DB62BDD7D2A00EFA361 /* ArticleListViewController.storyboard in Resources */ = {isa = PBXBuildFile; fileRef = 461D8DB52BDD7D2A00EFA361 /* ArticleListViewController.storyboard */; };
		461D8DB92BDD84FC00EFA361 /* StoryboardInstantiable.swift in Sources */ = {isa = PBXBuildFile; fileRef = 461D8DB82BDD84FC00EFA361 /* StoryboardInstantiable.swift */; };
		461D8DBC2BDE09EB00EFA361 /* AppConfigurations.swift in Sources */ = {isa = PBXBuildFile; fileRef = 461D8DBB2BDE09EB00EFA361 /* AppConfigurations.swift */; };
		461D8DC02BDE0B5900EFA361 /* DataTransferService.swift in Sources */ = {isa = PBXBuildFile; fileRef = 461D8DBF2BDE0B5900EFA361 /* DataTransferService.swift */; };
		461D8DC22BDE0B9200EFA361 /* NetworkService.swift in Sources */ = {isa = PBXBuildFile; fileRef = 461D8DC12BDE0B9200EFA361 /* NetworkService.swift */; };
		461D8DC42BDE0BFE00EFA361 /* Endpoint.swift in Sources */ = {isa = PBXBuildFile; fileRef = 461D8DC32BDE0BFE00EFA361 /* Endpoint.swift */; };
		461D8DC62BDE0C1C00EFA361 /* NetworkConfig.swift in Sources */ = {isa = PBXBuildFile; fileRef = 461D8DC52BDE0C1C00EFA361 /* NetworkConfig.swift */; };
		461D8DCB2BDE0E9D00EFA361 /* ArticleRepositoryProtocol.swift in Sources */ = {isa = PBXBuildFile; fileRef = 461D8DCA2BDE0E9D00EFA361 /* ArticleRepositoryProtocol.swift */; };
		461D8DCE2BDE293600EFA361 /* Cancellable.swift in Sources */ = {isa = PBXBuildFile; fileRef = 461D8DCD2BDE293600EFA361 /* Cancellable.swift */; };
		461D8DD22BDE2A0D00EFA361 /* ArticleRepository.swift in Sources */ = {isa = PBXBuildFile; fileRef = 461D8DD12BDE2A0D00EFA361 /* ArticleRepository.swift */; };
		461D8DD52BDE2ADC00EFA361 /* RepositoryTask.swift in Sources */ = {isa = PBXBuildFile; fileRef = 461D8DD42BDE2ADC00EFA361 /* RepositoryTask.swift */; };
		461D8DD82BDE2BC700EFA361 /* APIEndpoints.swift in Sources */ = {isa = PBXBuildFile; fileRef = 461D8DD72BDE2BC700EFA361 /* APIEndpoints.swift */; };
		461D8DDC2BDE2C3200EFA361 /* ArticleListResponseDTO+Mapping.swift in Sources */ = {isa = PBXBuildFile; fileRef = 461D8DDB2BDE2C3200EFA361 /* ArticleListResponseDTO+Mapping.swift */; };
		461D8DDF2BDE2D3000EFA361 /* ArticleEndpoint.swift in Sources */ = {isa = PBXBuildFile; fileRef = 461D8DDE2BDE2D3000EFA361 /* ArticleEndpoint.swift */; };
		461D8DE22BDE949E00EFA361 /* ArticleUseCase.swift in Sources */ = {isa = PBXBuildFile; fileRef = 461D8DE12BDE949E00EFA361 /* ArticleUseCase.swift */; };
		461D8DE42BDE979500EFA361 /* ArticleListViewModel.swift in Sources */ = {isa = PBXBuildFile; fileRef = 461D8DE32BDE979500EFA361 /* ArticleListViewModel.swift */; };
		461D8DE62BDE99B600EFA361 /* DispatchQueueType.swift in Sources */ = {isa = PBXBuildFile; fileRef = 461D8DE52BDE99B600EFA361 /* DispatchQueueType.swift */; };
		461D8DE92BDEA99100EFA361 /* XMLCoder in Frameworks */ = {isa = PBXBuildFile; productRef = 461D8DE82BDEA99100EFA361 /* XMLCoder */; };
		461D8DEC2BDEADA300EFA361 /* ArticleItem.swift in Sources */ = {isa = PBXBuildFile; fileRef = 461D8DEB2BDEADA300EFA361 /* ArticleItem.swift */; };
		461D8DEE2BDEB41A00EFA361 /* ArticleList.swift in Sources */ = {isa = PBXBuildFile; fileRef = 461D8DED2BDEB41A00EFA361 /* ArticleList.swift */; };
		461D8DF02BDEBE1500EFA361 /* Observable.swift in Sources */ = {isa = PBXBuildFile; fileRef = 461D8DEF2BDEBE1500EFA361 /* Observable.swift */; };
		461D8DF22BDEC58900EFA361 /* ArticleItemViewModel.swift in Sources */ = {isa = PBXBuildFile; fileRef = 461D8DF12BDEC58900EFA361 /* ArticleItemViewModel.swift */; };
		461D8DF52BDF2BDA00EFA361 /* ArticleItemTableViewCell.swift in Sources */ = {isa = PBXBuildFile; fileRef = 461D8DF42BDF2BDA00EFA361 /* ArticleItemTableViewCell.swift */; };
		461D8DF72BDF2BEB00EFA361 /* ArticleItemTableViewCell.xib in Resources */ = {isa = PBXBuildFile; fileRef = 461D8DF62BDF2BEB00EFA361 /* ArticleItemTableViewCell.xib */; };
		469B604A2BDFE54200FB6BB4 /* Kingfisher in Frameworks */ = {isa = PBXBuildFile; productRef = 469B60492BDFE54200FB6BB4 /* Kingfisher */; };
		469B604D2BDFF12D00FB6BB4 /* Cache.swift in Sources */ = {isa = PBXBuildFile; fileRef = 469B604C2BDFF12D00FB6BB4 /* Cache.swift */; };
		469B60502BE005E700FB6BB4 /* ArticleDetailViewController.swift in Sources */ = {isa = PBXBuildFile; fileRef = 469B604F2BE005E700FB6BB4 /* ArticleDetailViewController.swift */; };
		469B60532BE0060200FB6BB4 /* ArticleDetailViewController.storyboard in Resources */ = {isa = PBXBuildFile; fileRef = 469B60522BE0060200FB6BB4 /* ArticleDetailViewController.storyboard */; };
		469B60562BE0067B00FB6BB4 /* ArticleDetailViewModel.swift in Sources */ = {isa = PBXBuildFile; fileRef = 469B60552BE0067B00FB6BB4 /* ArticleDetailViewModel.swift */; };
/* End PBXBuildFile section */

/* Begin PBXFileReference section */
		461D8D8B2BDD785D00EFA361 /* Medium.app */ = {isa = PBXFileReference; explicitFileType = wrapper.application; includeInIndex = 0; path = Medium.app; sourceTree = BUILT_PRODUCTS_DIR; };
		461D8D8E2BDD785D00EFA361 /* AppDelegate.swift */ = {isa = PBXFileReference; lastKnownFileType = sourcecode.swift; path = AppDelegate.swift; sourceTree = "<group>"; };
		461D8D902BDD785D00EFA361 /* SceneDelegate.swift */ = {isa = PBXFileReference; lastKnownFileType = sourcecode.swift; path = SceneDelegate.swift; sourceTree = "<group>"; };
		461D8D972BDD785E00EFA361 /* Assets.xcassets */ = {isa = PBXFileReference; lastKnownFileType = folder.assetcatalog; path = Assets.xcassets; sourceTree = "<group>"; };
		461D8D9A2BDD785E00EFA361 /* Base */ = {isa = PBXFileReference; lastKnownFileType = file.storyboard; name = Base; path = Base.lproj/LaunchScreen.storyboard; sourceTree = "<group>"; };
		461D8D9C2BDD785E00EFA361 /* Info.plist */ = {isa = PBXFileReference; lastKnownFileType = text.plist.xml; path = Info.plist; sourceTree = "<group>"; };
		461D8DA42BDD799B00EFA361 /* AppDIContainer.swift */ = {isa = PBXFileReference; lastKnownFileType = sourcecode.swift; path = AppDIContainer.swift; sourceTree = "<group>"; };
		461D8DA62BDD79D000EFA361 /* AppFlowCoordinator.swift */ = {isa = PBXFileReference; lastKnownFileType = sourcecode.swift; path = AppFlowCoordinator.swift; sourceTree = "<group>"; };
		461D8DA92BDD7B3700EFA361 /* ArticleSceneDIContainer.swift */ = {isa = PBXFileReference; lastKnownFileType = sourcecode.swift; path = ArticleSceneDIContainer.swift; sourceTree = "<group>"; };
		461D8DAE2BDD7C2E00EFA361 /* ArticleFlowCoordinator.swift */ = {isa = PBXFileReference; lastKnownFileType = sourcecode.swift; path = ArticleFlowCoordinator.swift; sourceTree = "<group>"; };
		461D8DB32BDD7D2100EFA361 /* ArticleListViewController.swift */ = {isa = PBXFileReference; lastKnownFileType = sourcecode.swift; path = ArticleListViewController.swift; sourceTree = "<group>"; };
		461D8DB52BDD7D2A00EFA361 /* ArticleListViewController.storyboard */ = {isa = PBXFileReference; lastKnownFileType = file.storyboard; path = ArticleListViewController.storyboard; sourceTree = "<group>"; };
		461D8DB82BDD84FC00EFA361 /* StoryboardInstantiable.swift */ = {isa = PBXFileReference; lastKnownFileType = sourcecode.swift; path = StoryboardInstantiable.swift; sourceTree = "<group>"; };
		461D8DBB2BDE09EB00EFA361 /* AppConfigurations.swift */ = {isa = PBXFileReference; lastKnownFileType = sourcecode.swift; path = AppConfigurations.swift; sourceTree = "<group>"; };
		461D8DBF2BDE0B5900EFA361 /* DataTransferService.swift */ = {isa = PBXFileReference; lastKnownFileType = sourcecode.swift; path = DataTransferService.swift; sourceTree = "<group>"; };
		461D8DC12BDE0B9200EFA361 /* NetworkService.swift */ = {isa = PBXFileReference; lastKnownFileType = sourcecode.swift; path = NetworkService.swift; sourceTree = "<group>"; };
		461D8DC32BDE0BFE00EFA361 /* Endpoint.swift */ = {isa = PBXFileReference; lastKnownFileType = sourcecode.swift; path = Endpoint.swift; sourceTree = "<group>"; };
		461D8DC52BDE0C1C00EFA361 /* NetworkConfig.swift */ = {isa = PBXFileReference; lastKnownFileType = sourcecode.swift; path = NetworkConfig.swift; sourceTree = "<group>"; };
		461D8DCA2BDE0E9D00EFA361 /* ArticleRepositoryProtocol.swift */ = {isa = PBXFileReference; lastKnownFileType = sourcecode.swift; path = ArticleRepositoryProtocol.swift; sourceTree = "<group>"; };
		461D8DCD2BDE293600EFA361 /* Cancellable.swift */ = {isa = PBXFileReference; lastKnownFileType = sourcecode.swift; path = Cancellable.swift; sourceTree = "<group>"; };
		461D8DD12BDE2A0D00EFA361 /* ArticleRepository.swift */ = {isa = PBXFileReference; lastKnownFileType = sourcecode.swift; path = ArticleRepository.swift; sourceTree = "<group>"; };
		461D8DD42BDE2ADC00EFA361 /* RepositoryTask.swift */ = {isa = PBXFileReference; lastKnownFileType = sourcecode.swift; path = RepositoryTask.swift; sourceTree = "<group>"; };
		461D8DD72BDE2BC700EFA361 /* APIEndpoints.swift */ = {isa = PBXFileReference; lastKnownFileType = sourcecode.swift; path = APIEndpoints.swift; sourceTree = "<group>"; };
		461D8DDB2BDE2C3200EFA361 /* ArticleListResponseDTO+Mapping.swift */ = {isa = PBXFileReference; lastKnownFileType = sourcecode.swift; path = "ArticleListResponseDTO+Mapping.swift"; sourceTree = "<group>"; };
		461D8DDE2BDE2D3000EFA361 /* ArticleEndpoint.swift */ = {isa = PBXFileReference; lastKnownFileType = sourcecode.swift; path = ArticleEndpoint.swift; sourceTree = "<group>"; };
		461D8DE12BDE949E00EFA361 /* ArticleUseCase.swift */ = {isa = PBXFileReference; lastKnownFileType = sourcecode.swift; path = ArticleUseCase.swift; sourceTree = "<group>"; };
		461D8DE32BDE979500EFA361 /* ArticleListViewModel.swift */ = {isa = PBXFileReference; lastKnownFileType = sourcecode.swift; path = ArticleListViewModel.swift; sourceTree = "<group>"; };
		461D8DE52BDE99B600EFA361 /* DispatchQueueType.swift */ = {isa = PBXFileReference; lastKnownFileType = sourcecode.swift; path = DispatchQueueType.swift; sourceTree = "<group>"; };
		461D8DEB2BDEADA300EFA361 /* ArticleItem.swift */ = {isa = PBXFileReference; lastKnownFileType = sourcecode.swift; path = ArticleItem.swift; sourceTree = "<group>"; };
		461D8DED2BDEB41A00EFA361 /* ArticleList.swift */ = {isa = PBXFileReference; lastKnownFileType = sourcecode.swift; path = ArticleList.swift; sourceTree = "<group>"; };
		461D8DEF2BDEBE1500EFA361 /* Observable.swift */ = {isa = PBXFileReference; lastKnownFileType = sourcecode.swift; path = Observable.swift; sourceTree = "<group>"; };
		461D8DF12BDEC58900EFA361 /* ArticleItemViewModel.swift */ = {isa = PBXFileReference; lastKnownFileType = sourcecode.swift; path = ArticleItemViewModel.swift; sourceTree = "<group>"; };
		461D8DF42BDF2BDA00EFA361 /* ArticleItemTableViewCell.swift */ = {isa = PBXFileReference; lastKnownFileType = sourcecode.swift; path = ArticleItemTableViewCell.swift; sourceTree = "<group>"; };
		461D8DF62BDF2BEB00EFA361 /* ArticleItemTableViewCell.xib */ = {isa = PBXFileReference; lastKnownFileType = file.xib; path = ArticleItemTableViewCell.xib; sourceTree = "<group>"; };
		469B604C2BDFF12D00FB6BB4 /* Cache.swift */ = {isa = PBXFileReference; lastKnownFileType = sourcecode.swift; path = Cache.swift; sourceTree = "<group>"; };
		469B604F2BE005E700FB6BB4 /* ArticleDetailViewController.swift */ = {isa = PBXFileReference; lastKnownFileType = sourcecode.swift; path = ArticleDetailViewController.swift; sourceTree = "<group>"; };
		469B60522BE0060200FB6BB4 /* ArticleDetailViewController.storyboard */ = {isa = PBXFileReference; lastKnownFileType = file.storyboard; path = ArticleDetailViewController.storyboard; sourceTree = "<group>"; };
		469B60552BE0067B00FB6BB4 /* ArticleDetailViewModel.swift */ = {isa = PBXFileReference; lastKnownFileType = sourcecode.swift; path = ArticleDetailViewModel.swift; sourceTree = "<group>"; };
/* End PBXFileReference section */

/* Begin PBXFrameworksBuildPhase section */
		461D8D882BDD785D00EFA361 /* Frameworks */ = {
			isa = PBXFrameworksBuildPhase;
			buildActionMask = 2147483647;
			files = (
				469B604A2BDFE54200FB6BB4 /* Kingfisher in Frameworks */,
				461D8DE92BDEA99100EFA361 /* XMLCoder in Frameworks */,
			);
			runOnlyForDeploymentPostprocessing = 0;
		};
/* End PBXFrameworksBuildPhase section */

/* Begin PBXGroup section */
		461D8D822BDD785D00EFA361 = {
			isa = PBXGroup;
			children = (
				461D8D8D2BDD785D00EFA361 /* Medium */,
				461D8D8C2BDD785D00EFA361 /* Products */,
			);
			sourceTree = "<group>";
		};
		461D8D8C2BDD785D00EFA361 /* Products */ = {
			isa = PBXGroup;
			children = (
				461D8D8B2BDD785D00EFA361 /* Medium.app */,
			);
			name = Products;
			sourceTree = "<group>";
		};
		461D8D8D2BDD785D00EFA361 /* Medium */ = {
			isa = PBXGroup;
			children = (
				461D8DA22BDD789D00EFA361 /* Application */,
				461D8DCC2BDE291900EFA361 /* Common */,
				461D8DC72BDE0E5B00EFA361 /* Domain */,
				461D8DCF2BDE29D300EFA361 /* Data */,
				461D8DBD2BDE0B3500EFA361 /* Infrastructure */,
				461D8DAB2BDD7C0200EFA361 /* Presentation */,
				461D8DA32BDD78B300EFA361 /* Resource */,
			);
			path = Medium;
			sourceTree = "<group>";
		};
		461D8DA22BDD789D00EFA361 /* Application */ = {
			isa = PBXGroup;
			children = (
				461D8DBB2BDE09EB00EFA361 /* AppConfigurations.swift */,
				461D8D8E2BDD785D00EFA361 /* AppDelegate.swift */,
				461D8DA62BDD79D000EFA361 /* AppFlowCoordinator.swift */,
				461D8D902BDD785D00EFA361 /* SceneDelegate.swift */,
				461D8DA82BDD79D300EFA361 /* DIContainter */,
			);
			path = Application;
			sourceTree = "<group>";
		};
		461D8DA32BDD78B300EFA361 /* Resource */ = {
			isa = PBXGroup;
			children = (
				461D8D972BDD785E00EFA361 /* Assets.xcassets */,
				461D8D992BDD785E00EFA361 /* LaunchScreen.storyboard */,
				461D8D9C2BDD785E00EFA361 /* Info.plist */,
			);
			path = Resource;
			sourceTree = "<group>";
		};
		461D8DA82BDD79D300EFA361 /* DIContainter */ = {
			isa = PBXGroup;
			children = (
				461D8DA42BDD799B00EFA361 /* AppDIContainer.swift */,
				461D8DA92BDD7B3700EFA361 /* ArticleSceneDIContainer.swift */,
			);
			path = DIContainter;
			sourceTree = "<group>";
		};
		461D8DAB2BDD7C0200EFA361 /* Presentation */ = {
			isa = PBXGroup;
			children = (
				461D8DAC2BDD7C0E00EFA361 /* ArticleScene */,
				461D8DB72BDD84E100EFA361 /* Utils */,
			);
			path = Presentation;
			sourceTree = "<group>";
		};
		461D8DAC2BDD7C0E00EFA361 /* ArticleScene */ = {
			isa = PBXGroup;
			children = (
				461D8DAD2BDD7C1D00EFA361 /* Flows */,
				461D8DB02BDD7CEF00EFA361 /* ArticleList */,
				469B604E2BE005D400FB6BB4 /* ArticleDetail */,
			);
			path = ArticleScene;
			sourceTree = "<group>";
		};
		461D8DAD2BDD7C1D00EFA361 /* Flows */ = {
			isa = PBXGroup;
			children = (
				461D8DAE2BDD7C2E00EFA361 /* ArticleFlowCoordinator.swift */,
			);
			path = Flows;
			sourceTree = "<group>";
		};
		461D8DB02BDD7CEF00EFA361 /* ArticleList */ = {
			isa = PBXGroup;
			children = (
				461D8DB22BDD7D0D00EFA361 /* ViewModel */,
				461D8DB12BDD7D0800EFA361 /* View */,
			);
			path = ArticleList;
			sourceTree = "<group>";
		};
		461D8DB12BDD7D0800EFA361 /* View */ = {
			isa = PBXGroup;
			children = (
				461D8DF32BDF2BC400EFA361 /* Cell */,
				461D8DB32BDD7D2100EFA361 /* ArticleListViewController.swift */,
				461D8DB52BDD7D2A00EFA361 /* ArticleListViewController.storyboard */,
			);
			path = View;
			sourceTree = "<group>";
		};
		461D8DB22BDD7D0D00EFA361 /* ViewModel */ = {
			isa = PBXGroup;
			children = (
				461D8DE32BDE979500EFA361 /* ArticleListViewModel.swift */,
				461D8DF12BDEC58900EFA361 /* ArticleItemViewModel.swift */,
			);
			path = ViewModel;
			sourceTree = "<group>";
		};
		461D8DB72BDD84E100EFA361 /* Utils */ = {
			isa = PBXGroup;
			children = (
				461D8DBA2BDD84FF00EFA361 /* Protocols */,
				461D8DEF2BDEBE1500EFA361 /* Observable.swift */,
			);
			path = Utils;
			sourceTree = "<group>";
		};
		461D8DBA2BDD84FF00EFA361 /* Protocols */ = {
			isa = PBXGroup;
			children = (
				461D8DB82BDD84FC00EFA361 /* StoryboardInstantiable.swift */,
			);
			path = Protocols;
			sourceTree = "<group>";
		};
		461D8DBD2BDE0B3500EFA361 /* Infrastructure */ = {
			isa = PBXGroup;
			children = (
				461D8DBE2BDE0B3E00EFA361 /* Network */,
			);
			path = Infrastructure;
			sourceTree = "<group>";
		};
		461D8DBE2BDE0B3E00EFA361 /* Network */ = {
			isa = PBXGroup;
			children = (
				461D8DBF2BDE0B5900EFA361 /* DataTransferService.swift */,
				461D8DC12BDE0B9200EFA361 /* NetworkService.swift */,
				461D8DC32BDE0BFE00EFA361 /* Endpoint.swift */,
				461D8DC52BDE0C1C00EFA361 /* NetworkConfig.swift */,
			);
			path = Network;
			sourceTree = "<group>";
		};
		461D8DC72BDE0E5B00EFA361 /* Domain */ = {
			isa = PBXGroup;
			children = (
				461D8DEA2BDEAD8B00EFA361 /* Entities */,
				461D8DE02BDE946D00EFA361 /* UseCase */,
				461D8DC82BDE0E7500EFA361 /* Interface */,
			);
			path = Domain;
			sourceTree = "<group>";
		};
		461D8DC82BDE0E7500EFA361 /* Interface */ = {
			isa = PBXGroup;
			children = (
				461D8DC92BDE0E7F00EFA361 /* Repositories */,
			);
			path = Interface;
			sourceTree = "<group>";
		};
		461D8DC92BDE0E7F00EFA361 /* Repositories */ = {
			isa = PBXGroup;
			children = (
				461D8DCA2BDE0E9D00EFA361 /* ArticleRepositoryProtocol.swift */,
			);
			path = Repositories;
			sourceTree = "<group>";
		};
		461D8DCC2BDE291900EFA361 /* Common */ = {
			isa = PBXGroup;
			children = (
				461D8DCD2BDE293600EFA361 /* Cancellable.swift */,
				461D8DE52BDE99B600EFA361 /* DispatchQueueType.swift */,
			);
			path = Common;
			sourceTree = "<group>";
		};
		461D8DCF2BDE29D300EFA361 /* Data */ = {
			isa = PBXGroup;
			children = (
				469B604B2BDFF12100FB6BB4 /* Cache */,
				461D8DD62BDE2BAF00EFA361 /* Network */,
				461D8DD02BDE29E300EFA361 /* Repository */,
			);
			path = Data;
			sourceTree = "<group>";
		};
		461D8DD02BDE29E300EFA361 /* Repository */ = {
			isa = PBXGroup;
			children = (
				461D8DD32BDE2AC900EFA361 /* Utils */,
				461D8DD12BDE2A0D00EFA361 /* ArticleRepository.swift */,
			);
			path = Repository;
			sourceTree = "<group>";
		};
		461D8DD32BDE2AC900EFA361 /* Utils */ = {
			isa = PBXGroup;
			children = (
				461D8DD42BDE2ADC00EFA361 /* RepositoryTask.swift */,
			);
			path = Utils;
			sourceTree = "<group>";
		};
		461D8DD62BDE2BAF00EFA361 /* Network */ = {
			isa = PBXGroup;
			children = (
				461D8DD72BDE2BC700EFA361 /* APIEndpoints.swift */,
				461D8DDD2BDE2D1F00EFA361 /* Endpoints */,
				461D8DD92BDE2C0800EFA361 /* DataMapping */,
			);
			path = Network;
			sourceTree = "<group>";
		};
		461D8DD92BDE2C0800EFA361 /* DataMapping */ = {
			isa = PBXGroup;
			children = (
				461D8DDA2BDE2C1A00EFA361 /* ArticleList */,
			);
			path = DataMapping;
			sourceTree = "<group>";
		};
		461D8DDA2BDE2C1A00EFA361 /* ArticleList */ = {
			isa = PBXGroup;
			children = (
				461D8DDB2BDE2C3200EFA361 /* ArticleListResponseDTO+Mapping.swift */,
			);
			path = ArticleList;
			sourceTree = "<group>";
		};
		461D8DDD2BDE2D1F00EFA361 /* Endpoints */ = {
			isa = PBXGroup;
			children = (
				461D8DDE2BDE2D3000EFA361 /* ArticleEndpoint.swift */,
			);
			path = Endpoints;
			sourceTree = "<group>";
		};
		461D8DE02BDE946D00EFA361 /* UseCase */ = {
			isa = PBXGroup;
			children = (
				461D8DE12BDE949E00EFA361 /* ArticleUseCase.swift */,
			);
			path = UseCase;
			sourceTree = "<group>";
		};
		461D8DEA2BDEAD8B00EFA361 /* Entities */ = {
			isa = PBXGroup;
			children = (
				461D8DEB2BDEADA300EFA361 /* ArticleItem.swift */,
				461D8DED2BDEB41A00EFA361 /* ArticleList.swift */,
			);
			path = Entities;
			sourceTree = "<group>";
		};
		461D8DF32BDF2BC400EFA361 /* Cell */ = {
			isa = PBXGroup;
			children = (
				461D8DF42BDF2BDA00EFA361 /* ArticleItemTableViewCell.swift */,
				461D8DF62BDF2BEB00EFA361 /* ArticleItemTableViewCell.xib */,
			);
			path = Cell;
			sourceTree = "<group>";
		};
		469B604B2BDFF12100FB6BB4 /* Cache */ = {
			isa = PBXGroup;
			children = (
				469B604C2BDFF12D00FB6BB4 /* Cache.swift */,
			);
			path = Cache;
			sourceTree = "<group>";
		};
		469B604E2BE005D400FB6BB4 /* ArticleDetail */ = {
			isa = PBXGroup;
			children = (
				469B60542BE0066900FB6BB4 /* ViewModel */,
				469B60512BE005F600FB6BB4 /* View */,
			);
			path = ArticleDetail;
			sourceTree = "<group>";
		};
		469B60512BE005F600FB6BB4 /* View */ = {
			isa = PBXGroup;
			children = (
				469B604F2BE005E700FB6BB4 /* ArticleDetailViewController.swift */,
				469B60522BE0060200FB6BB4 /* ArticleDetailViewController.storyboard */,
			);
			path = View;
			sourceTree = "<group>";
		};
		469B60542BE0066900FB6BB4 /* ViewModel */ = {
			isa = PBXGroup;
			children = (
				469B60552BE0067B00FB6BB4 /* ArticleDetailViewModel.swift */,
			);
			path = ViewModel;
			sourceTree = "<group>";
		};
/* End PBXGroup section */

/* Begin PBXNativeTarget section */
		461D8D8A2BDD785D00EFA361 /* Medium */ = {
			isa = PBXNativeTarget;
			buildConfigurationList = 461D8D9F2BDD785E00EFA361 /* Build configuration list for PBXNativeTarget "Medium" */;
			buildPhases = (
				461D8D872BDD785D00EFA361 /* Sources */,
				461D8D882BDD785D00EFA361 /* Frameworks */,
				461D8D892BDD785D00EFA361 /* Resources */,
			);
			buildRules = (
			);
			dependencies = (
			);
			name = Medium;
			packageProductDependencies = (
				461D8DE82BDEA99100EFA361 /* XMLCoder */,
				469B60492BDFE54200FB6BB4 /* Kingfisher */,
			);
			productName = Medium;
			productReference = 461D8D8B2BDD785D00EFA361 /* Medium.app */;
			productType = "com.apple.product-type.application";
		};
/* End PBXNativeTarget section */

/* Begin PBXProject section */
		461D8D832BDD785D00EFA361 /* Project object */ = {
			isa = PBXProject;
			attributes = {
				BuildIndependentTargetsInParallel = 1;
				LastSwiftUpdateCheck = 1530;
				LastUpgradeCheck = 1530;
				TargetAttributes = {
					461D8D8A2BDD785D00EFA361 = {
						CreatedOnToolsVersion = 15.3;
					};
				};
			};
			buildConfigurationList = 461D8D862BDD785D00EFA361 /* Build configuration list for PBXProject "Medium" */;
			compatibilityVersion = "Xcode 14.0";
			developmentRegion = en;
			hasScannedForEncodings = 0;
			knownRegions = (
				en,
				Base,
			);
			mainGroup = 461D8D822BDD785D00EFA361;
			packageReferences = (
				461D8DE72BDEA99100EFA361 /* XCRemoteSwiftPackageReference "XMLCoder" */,
				469B60482BDFE54200FB6BB4 /* XCRemoteSwiftPackageReference "Kingfisher" */,
			);
			productRefGroup = 461D8D8C2BDD785D00EFA361 /* Products */;
			projectDirPath = "";
			projectRoot = "";
			targets = (
				461D8D8A2BDD785D00EFA361 /* Medium */,
			);
		};
/* End PBXProject section */

/* Begin PBXResourcesBuildPhase section */
		461D8D892BDD785D00EFA361 /* Resources */ = {
			isa = PBXResourcesBuildPhase;
			buildActionMask = 2147483647;
			files = (
				461D8DB62BDD7D2A00EFA361 /* ArticleListViewController.storyboard in Resources */,
				469B60532BE0060200FB6BB4 /* ArticleDetailViewController.storyboard in Resources */,
				461D8D982BDD785E00EFA361 /* Assets.xcassets in Resources */,
				461D8D9B2BDD785E00EFA361 /* Base in Resources */,
				461D8DF72BDF2BEB00EFA361 /* ArticleItemTableViewCell.xib in Resources */,
			);
			runOnlyForDeploymentPostprocessing = 0;
		};
/* End PBXResourcesBuildPhase section */

/* Begin PBXSourcesBuildPhase section */
		461D8D872BDD785D00EFA361 /* Sources */ = {
			isa = PBXSourcesBuildPhase;
			buildActionMask = 2147483647;
			files = (
				461D8DF02BDEBE1500EFA361 /* Observable.swift in Sources */,
				461D8DCE2BDE293600EFA361 /* Cancellable.swift in Sources */,
				461D8DC22BDE0B9200EFA361 /* NetworkService.swift in Sources */,
				461D8DA72BDD79D000EFA361 /* AppFlowCoordinator.swift in Sources */,
				461D8DE62BDE99B600EFA361 /* DispatchQueueType.swift in Sources */,
				461D8DD82BDE2BC700EFA361 /* APIEndpoints.swift in Sources */,
				461D8DC62BDE0C1C00EFA361 /* NetworkConfig.swift in Sources */,
				461D8DAA2BDD7B3700EFA361 /* ArticleSceneDIContainer.swift in Sources */,
				461D8D8F2BDD785D00EFA361 /* AppDelegate.swift in Sources */,
				461D8DD22BDE2A0D00EFA361 /* ArticleRepository.swift in Sources */,
				461D8DF22BDEC58900EFA361 /* ArticleItemViewModel.swift in Sources */,
				461D8DAF2BDD7C2E00EFA361 /* ArticleFlowCoordinator.swift in Sources */,
				461D8DE42BDE979500EFA361 /* ArticleListViewModel.swift in Sources */,
				461D8DC02BDE0B5900EFA361 /* DataTransferService.swift in Sources */,
				469B60502BE005E700FB6BB4 /* ArticleDetailViewController.swift in Sources */,
				461D8DDC2BDE2C3200EFA361 /* ArticleListResponseDTO+Mapping.swift in Sources */,
				461D8DF52BDF2BDA00EFA361 /* ArticleItemTableViewCell.swift in Sources */,
				461D8D912BDD785D00EFA361 /* SceneDelegate.swift in Sources */,
				469B60562BE0067B00FB6BB4 /* ArticleDetailViewModel.swift in Sources */,
				461D8DD52BDE2ADC00EFA361 /* RepositoryTask.swift in Sources */,
				461D8DE22BDE949E00EFA361 /* ArticleUseCase.swift in Sources */,
				461D8DDF2BDE2D3000EFA361 /* ArticleEndpoint.swift in Sources */,
				461D8DCB2BDE0E9D00EFA361 /* ArticleRepositoryProtocol.swift in Sources */,
				461D8DA52BDD799B00EFA361 /* AppDIContainer.swift in Sources */,
				461D8DEE2BDEB41A00EFA361 /* ArticleList.swift in Sources */,
				461D8DB92BDD84FC00EFA361 /* StoryboardInstantiable.swift in Sources */,
				461D8DBC2BDE09EB00EFA361 /* AppConfigurations.swift in Sources */,
				461D8DC42BDE0BFE00EFA361 /* Endpoint.swift in Sources */,
				461D8DB42BDD7D2100EFA361 /* ArticleListViewController.swift in Sources */,
				461D8DEC2BDEADA300EFA361 /* ArticleItem.swift in Sources */,
				469B604D2BDFF12D00FB6BB4 /* Cache.swift in Sources */,
			);
			runOnlyForDeploymentPostprocessing = 0;
		};
/* End PBXSourcesBuildPhase section */

/* Begin PBXVariantGroup section */
		461D8D992BDD785E00EFA361 /* LaunchScreen.storyboard */ = {
			isa = PBXVariantGroup;
			children = (
				461D8D9A2BDD785E00EFA361 /* Base */,
			);
			name = LaunchScreen.storyboard;
			sourceTree = "<group>";
		};
/* End PBXVariantGroup section */

/* Begin XCBuildConfiguration section */
		461D8D9D2BDD785E00EFA361 /* Debug */ = {
			isa = XCBuildConfiguration;
			buildSettings = {
				ALWAYS_SEARCH_USER_PATHS = NO;
				ASSETCATALOG_COMPILER_GENERATE_SWIFT_ASSET_SYMBOL_EXTENSIONS = YES;
				CLANG_ANALYZER_NONNULL = YES;
				CLANG_ANALYZER_NUMBER_OBJECT_CONVERSION = YES_AGGRESSIVE;
				CLANG_CXX_LANGUAGE_STANDARD = "gnu++20";
				CLANG_ENABLE_MODULES = YES;
				CLANG_ENABLE_OBJC_ARC = YES;
				CLANG_ENABLE_OBJC_WEAK = YES;
				CLANG_WARN_BLOCK_CAPTURE_AUTORELEASING = YES;
				CLANG_WARN_BOOL_CONVERSION = YES;
				CLANG_WARN_COMMA = YES;
				CLANG_WARN_CONSTANT_CONVERSION = YES;
				CLANG_WARN_DEPRECATED_OBJC_IMPLEMENTATIONS = YES;
				CLANG_WARN_DIRECT_OBJC_ISA_USAGE = YES_ERROR;
				CLANG_WARN_DOCUMENTATION_COMMENTS = YES;
				CLANG_WARN_EMPTY_BODY = YES;
				CLANG_WARN_ENUM_CONVERSION = YES;
				CLANG_WARN_INFINITE_RECURSION = YES;
				CLANG_WARN_INT_CONVERSION = YES;
				CLANG_WARN_NON_LITERAL_NULL_CONVERSION = YES;
				CLANG_WARN_OBJC_IMPLICIT_RETAIN_SELF = YES;
				CLANG_WARN_OBJC_LITERAL_CONVERSION = YES;
				CLANG_WARN_OBJC_ROOT_CLASS = YES_ERROR;
				CLANG_WARN_QUOTED_INCLUDE_IN_FRAMEWORK_HEADER = YES;
				CLANG_WARN_RANGE_LOOP_ANALYSIS = YES;
				CLANG_WARN_STRICT_PROTOTYPES = YES;
				CLANG_WARN_SUSPICIOUS_MOVE = YES;
				CLANG_WARN_UNGUARDED_AVAILABILITY = YES_AGGRESSIVE;
				CLANG_WARN_UNREACHABLE_CODE = YES;
				CLANG_WARN__DUPLICATE_METHOD_MATCH = YES;
				COPY_PHASE_STRIP = NO;
				DEBUG_INFORMATION_FORMAT = dwarf;
				ENABLE_STRICT_OBJC_MSGSEND = YES;
				ENABLE_TESTABILITY = YES;
				ENABLE_USER_SCRIPT_SANDBOXING = YES;
				GCC_C_LANGUAGE_STANDARD = gnu17;
				GCC_DYNAMIC_NO_PIC = NO;
				GCC_NO_COMMON_BLOCKS = YES;
				GCC_OPTIMIZATION_LEVEL = 0;
				GCC_PREPROCESSOR_DEFINITIONS = (
					"DEBUG=1",
					"$(inherited)",
				);
				GCC_WARN_64_TO_32_BIT_CONVERSION = YES;
				GCC_WARN_ABOUT_RETURN_TYPE = YES_ERROR;
				GCC_WARN_UNDECLARED_SELECTOR = YES;
				GCC_WARN_UNINITIALIZED_AUTOS = YES_AGGRESSIVE;
				GCC_WARN_UNUSED_FUNCTION = YES;
				GCC_WARN_UNUSED_VARIABLE = YES;
				IPHONEOS_DEPLOYMENT_TARGET = 17.4;
				LOCALIZATION_PREFERS_STRING_CATALOGS = YES;
				MTL_ENABLE_DEBUG_INFO = INCLUDE_SOURCE;
				MTL_FAST_MATH = YES;
				ONLY_ACTIVE_ARCH = YES;
				SDKROOT = iphoneos;
				SWIFT_ACTIVE_COMPILATION_CONDITIONS = "DEBUG $(inherited)";
				SWIFT_OPTIMIZATION_LEVEL = "-Onone";
			};
			name = Debug;
		};
		461D8D9E2BDD785E00EFA361 /* Release */ = {
			isa = XCBuildConfiguration;
			buildSettings = {
				ALWAYS_SEARCH_USER_PATHS = NO;
				ASSETCATALOG_COMPILER_GENERATE_SWIFT_ASSET_SYMBOL_EXTENSIONS = YES;
				CLANG_ANALYZER_NONNULL = YES;
				CLANG_ANALYZER_NUMBER_OBJECT_CONVERSION = YES_AGGRESSIVE;
				CLANG_CXX_LANGUAGE_STANDARD = "gnu++20";
				CLANG_ENABLE_MODULES = YES;
				CLANG_ENABLE_OBJC_ARC = YES;
				CLANG_ENABLE_OBJC_WEAK = YES;
				CLANG_WARN_BLOCK_CAPTURE_AUTORELEASING = YES;
				CLANG_WARN_BOOL_CONVERSION = YES;
				CLANG_WARN_COMMA = YES;
				CLANG_WARN_CONSTANT_CONVERSION = YES;
				CLANG_WARN_DEPRECATED_OBJC_IMPLEMENTATIONS = YES;
				CLANG_WARN_DIRECT_OBJC_ISA_USAGE = YES_ERROR;
				CLANG_WARN_DOCUMENTATION_COMMENTS = YES;
				CLANG_WARN_EMPTY_BODY = YES;
				CLANG_WARN_ENUM_CONVERSION = YES;
				CLANG_WARN_INFINITE_RECURSION = YES;
				CLANG_WARN_INT_CONVERSION = YES;
				CLANG_WARN_NON_LITERAL_NULL_CONVERSION = YES;
				CLANG_WARN_OBJC_IMPLICIT_RETAIN_SELF = YES;
				CLANG_WARN_OBJC_LITERAL_CONVERSION = YES;
				CLANG_WARN_OBJC_ROOT_CLASS = YES_ERROR;
				CLANG_WARN_QUOTED_INCLUDE_IN_FRAMEWORK_HEADER = YES;
				CLANG_WARN_RANGE_LOOP_ANALYSIS = YES;
				CLANG_WARN_STRICT_PROTOTYPES = YES;
				CLANG_WARN_SUSPICIOUS_MOVE = YES;
				CLANG_WARN_UNGUARDED_AVAILABILITY = YES_AGGRESSIVE;
				CLANG_WARN_UNREACHABLE_CODE = YES;
				CLANG_WARN__DUPLICATE_METHOD_MATCH = YES;
				COPY_PHASE_STRIP = NO;
				DEBUG_INFORMATION_FORMAT = "dwarf-with-dsym";
				ENABLE_NS_ASSERTIONS = NO;
				ENABLE_STRICT_OBJC_MSGSEND = YES;
				ENABLE_USER_SCRIPT_SANDBOXING = YES;
				GCC_C_LANGUAGE_STANDARD = gnu17;
				GCC_NO_COMMON_BLOCKS = YES;
				GCC_WARN_64_TO_32_BIT_CONVERSION = YES;
				GCC_WARN_ABOUT_RETURN_TYPE = YES_ERROR;
				GCC_WARN_UNDECLARED_SELECTOR = YES;
				GCC_WARN_UNINITIALIZED_AUTOS = YES_AGGRESSIVE;
				GCC_WARN_UNUSED_FUNCTION = YES;
				GCC_WARN_UNUSED_VARIABLE = YES;
				IPHONEOS_DEPLOYMENT_TARGET = 17.4;
				LOCALIZATION_PREFERS_STRING_CATALOGS = YES;
				MTL_ENABLE_DEBUG_INFO = NO;
				MTL_FAST_MATH = YES;
				SDKROOT = iphoneos;
				SWIFT_COMPILATION_MODE = wholemodule;
				VALIDATE_PRODUCT = YES;
			};
			name = Release;
		};
		461D8DA02BDD785E00EFA361 /* Debug */ = {
			isa = XCBuildConfiguration;
			buildSettings = {
				ASSETCATALOG_COMPILER_APPICON_NAME = AppIcon;
				ASSETCATALOG_COMPILER_GLOBAL_ACCENT_COLOR_NAME = AccentColor;
				CODE_SIGN_STYLE = Automatic;
				CURRENT_PROJECT_VERSION = 1;
				DEVELOPMENT_TEAM = QZWQ5R4BVE;
				GENERATE_INFOPLIST_FILE = YES;
				INFOPLIST_FILE = Medium/Info.plist;
				INFOPLIST_KEY_UIApplicationSupportsIndirectInputEvents = YES;
				INFOPLIST_KEY_UILaunchStoryboardName = LaunchScreen;
				INFOPLIST_KEY_UISupportedInterfaceOrientations_iPad = "UIInterfaceOrientationPortrait UIInterfaceOrientationPortraitUpsideDown UIInterfaceOrientationLandscapeLeft UIInterfaceOrientationLandscapeRight";
				INFOPLIST_KEY_UISupportedInterfaceOrientations_iPhone = "UIInterfaceOrientationPortrait UIInterfaceOrientationLandscapeLeft UIInterfaceOrientationLandscapeRight";
				IPHONEOS_DEPLOYMENT_TARGET = 14.0;
				LD_RUNPATH_SEARCH_PATHS = (
					"$(inherited)",
					"@executable_path/Frameworks",
				);
				MARKETING_VERSION = 1.0;
				PRODUCT_BUNDLE_IDENTIFIER = com.blank.quiz.Medium;
				PRODUCT_NAME = "$(TARGET_NAME)";
				SWIFT_EMIT_LOC_STRINGS = YES;
				SWIFT_VERSION = 5.0;
				TARGETED_DEVICE_FAMILY = "1,2";
			};
			name = Debug;
		};
		461D8DA12BDD785E00EFA361 /* Release */ = {
			isa = XCBuildConfiguration;
			buildSettings = {
				ASSETCATALOG_COMPILER_APPICON_NAME = AppIcon;
				ASSETCATALOG_COMPILER_GLOBAL_ACCENT_COLOR_NAME = AccentColor;
				CODE_SIGN_STYLE = Automatic;
				CURRENT_PROJECT_VERSION = 1;
				DEVELOPMENT_TEAM = QZWQ5R4BVE;
				GENERATE_INFOPLIST_FILE = YES;
				INFOPLIST_FILE = Medium/Info.plist;
				INFOPLIST_KEY_UIApplicationSupportsIndirectInputEvents = YES;
				INFOPLIST_KEY_UILaunchStoryboardName = LaunchScreen;
				INFOPLIST_KEY_UISupportedInterfaceOrientations_iPad = "UIInterfaceOrientationPortrait UIInterfaceOrientationPortraitUpsideDown UIInterfaceOrientationLandscapeLeft UIInterfaceOrientationLandscapeRight";
				INFOPLIST_KEY_UISupportedInterfaceOrientations_iPhone = "UIInterfaceOrientationPortrait UIInterfaceOrientationLandscapeLeft UIInterfaceOrientationLandscapeRight";
				IPHONEOS_DEPLOYMENT_TARGET = 14.0;
				LD_RUNPATH_SEARCH_PATHS = (
					"$(inherited)",
					"@executable_path/Frameworks",
				);
				MARKETING_VERSION = 1.0;
				PRODUCT_BUNDLE_IDENTIFIER = com.blank.quiz.Medium;
				PRODUCT_NAME = "$(TARGET_NAME)";
				SWIFT_EMIT_LOC_STRINGS = YES;
				SWIFT_VERSION = 5.0;
				TARGETED_DEVICE_FAMILY = "1,2";
			};
			name = Release;
		};
/* End XCBuildConfiguration section */

/* Begin XCConfigurationList section */
		461D8D862BDD785D00EFA361 /* Build configuration list for PBXProject "Medium" */ = {
			isa = XCConfigurationList;
			buildConfigurations = (
				461D8D9D2BDD785E00EFA361 /* Debug */,
				461D8D9E2BDD785E00EFA361 /* Release */,
			);
			defaultConfigurationIsVisible = 0;
			defaultConfigurationName = Release;
		};
		461D8D9F2BDD785E00EFA361 /* Build configuration list for PBXNativeTarget "Medium" */ = {
			isa = XCConfigurationList;
			buildConfigurations = (
				461D8DA02BDD785E00EFA361 /* Debug */,
				461D8DA12BDD785E00EFA361 /* Release */,
			);
			defaultConfigurationIsVisible = 0;
			defaultConfigurationName = Release;
		};
/* End XCConfigurationList section */

/* Begin XCRemoteSwiftPackageReference section */
		461D8DE72BDEA99100EFA361 /* XCRemoteSwiftPackageReference "XMLCoder" */ = {
			isa = XCRemoteSwiftPackageReference;
			repositoryURL = "https://github.com/CoreOffice/XMLCoder.git";
			requirement = {
				kind = upToNextMajorVersion;
				minimumVersion = 0.17.1;
			};
		};
		469B60482BDFE54200FB6BB4 /* XCRemoteSwiftPackageReference "Kingfisher" */ = {
			isa = XCRemoteSwiftPackageReference;
			repositoryURL = "https://github.com/onevcat/Kingfisher.git";
			requirement = {
				kind = upToNextMajorVersion;
				minimumVersion = 7.11.0;
			};
		};
/* End XCRemoteSwiftPackageReference section */

/* Begin XCSwiftPackageProductDependency section */
		461D8DE82BDEA99100EFA361 /* XMLCoder */ = {
			isa = XCSwiftPackageProductDependency;
			package = 461D8DE72BDEA99100EFA361 /* XCRemoteSwiftPackageReference "XMLCoder" */;
			productName = XMLCoder;
		};
		469B60492BDFE54200FB6BB4 /* Kingfisher */ = {
			isa = XCSwiftPackageProductDependency;
			package = 469B60482BDFE54200FB6BB4 /* XCRemoteSwiftPackageReference "Kingfisher" */;
			productName = Kingfisher;
		};
/* End XCSwiftPackageProductDependency section */
	};
	rootObject = 461D8D832BDD785D00EFA361 /* Project object */;
}
